
Microsoft Visual Studio Solution File, Format Version 12.00
Project("{FAE04EC0-301F-11D3-BF4B-00C04F79EFBC}") = "MVVMCross", "MVVMCross\MVVMCross.csproj", "{CF6D478B-280B-423A-AD99-3CF1EA3C1C67}"
EndProject
Project("{FAE04EC0-301F-11D3-BF4B-00C04F79EFBC}") = "MVVMCross.Android", "MVVMCross.Android\MVVMCross.Android.csproj", "{8FEC3369-BA4F-4196-9B05-54C7933FF8D6}"
EndProject
Project("{FAE04EC0-301F-11D3-BF4B-00C04F79EFBC}") = "MVVMCross.iOS", "MVVMCross.iOS\MVVMCross.iOS.csproj", "{636998C7-6DD3-4D07-A81B-9D2F90E605B0}"
EndProject
Project("{FAE04EC0-301F-11D3-BF4B-00C04F79EFBC}") = "MVVMCrossCore", "MVVMCrossCore\MVVMCrossCore.csproj", "{74D485B7-9C6D-476E-94BF-D75DF4B34A63}"
EndProject
Global
	GlobalSection(SolutionConfigurationPlatforms) = preSolution
		Ad-Hoc|iPhone = Ad-Hoc|iPhone
		AppStore|iPhone = AppStore|iPhone
		Debug|Any CPU = Debug|Any CPU
		Debug|iPhone = Debug|iPhone
		Debug|iPhoneSimulator = Debug|iPhoneSimulator
		Release|Any CPU = Release|Any CPU
		Release|iPhone = Release|iPhone
		Release|iPhoneSimulator = Release|iPhoneSimulator
	EndGlobalSection
	GlobalSection(ProjectConfigurationPlatforms) = postSolution
		{CF6D478B-280B-423A-AD99-3CF1EA3C1C67}.Ad-Hoc|iPhone.ActiveCfg = Debug|Any CPU
		{CF6D478B-280B-423A-AD99-3CF1EA3C1C67}.Ad-Hoc|iPhone.Build.0 = Debug|Any CPU
		{CF6D478B-280B-423A-AD99-3CF1EA3C1C67}.AppStore|iPhone.ActiveCfg = Debug|Any CPU
		{CF6D478B-280B-423A-AD99-3CF1EA3C1C67}.AppStore|iPhone.Build.0 = Debug|Any CPU
		{CF6D478B-280B-423A-AD99-3CF1EA3C1C67}.Debug|Any CPU.ActiveCfg = Debug|Any CPU
		{CF6D478B-280B-423A-AD99-3CF1EA3C1C67}.Debug|Any CPU.Build.0 = Debug|Any CPU
		{CF6D478B-280B-423A-AD99-3CF1EA3C1C67}.Debug|iPhone.ActiveCfg = Debug|Any CPU
		{CF6D478B-280B-423A-AD99-3CF1EA3C1C67}.Debug|iPhone.Build.0 = Debug|Any CPU
		{CF6D478B-280B-423A-AD99-3CF1EA3C1C67}.Debug|iPhoneSimulator.ActiveCfg = Debug|Any CPU
		{CF6D478B-280B-423A-AD99-3CF1EA3C1C67}.Debug|iPhoneSimulator.Build.0 = Debug|Any CPU
		{CF6D478B-280B-423A-AD99-3CF1EA3C1C67}.Release|Any CPU.ActiveCfg = Release|Any CPU
		{CF6D478B-280B-423A-AD99-3CF1EA3C1C67}.Release|Any CPU.Build.0 = Release|Any CPU
		{CF6D478B-280B-423A-AD99-3CF1EA3C1C67}.Release|iPhone.ActiveCfg = Release|Any CPU
		{CF6D478B-280B-423A-AD99-3CF1EA3C1C67}.Release|iPhone.Build.0 = Release|Any CPU
		{CF6D478B-280B-423A-AD99-3CF1EA3C1C67}.Release|iPhoneSimulator.ActiveCfg = Release|Any CPU
		{CF6D478B-280B-423A-AD99-3CF1EA3C1C67}.Release|iPhoneSimulator.Build.0 = Release|Any CPU
		{8FEC3369-BA4F-4196-9B05-54C7933FF8D6}.Ad-Hoc|iPhone.ActiveCfg = Debug|Any CPU
		{8FEC3369-BA4F-4196-9B05-54C7933FF8D6}.Ad-Hoc|iPhone.Build.0 = Debug|Any CPU
		{8FEC3369-BA4F-4196-9B05-54C7933FF8D6}.Ad-Hoc|iPhone.Deploy.0 = Debug|Any CPU
		{8FEC3369-BA4F-4196-9B05-54C7933FF8D6}.AppStore|iPhone.ActiveCfg = Debug|Any CPU
		{8FEC3369-BA4F-4196-9B05-54C7933FF8D6}.AppStore|iPhone.Build.0 = Debug|Any CPU
		{8FEC3369-BA4F-4196-9B05-54C7933FF8D6}.AppStore|iPhone.Deploy.0 = Debug|Any CPU
		{8FEC3369-BA4F-4196-9B05-54C7933FF8D6}.Debug|Any CPU.ActiveCfg = Debug|Any CPU
		{8FEC3369-BA4F-4196-9B05-54C7933FF8D6}.Debug|Any CPU.Build.0 = Debug|Any CPU
		{8FEC3369-BA4F-4196-9B05-54C7933FF8D6}.Debug|Any CPU.Deploy.0 = Debug|Any CPU
		{8FEC3369-BA4F-4196-9B05-54C7933FF8D6}.Debug|iPhone.ActiveCfg = Debug|Any CPU
		{8FEC3369-BA4F-4196-9B05-54C7933FF8D6}.Debug|iPhone.Build.0 = Debug|Any CPU
		{8FEC3369-BA4F-4196-9B05-54C7933FF8D6}.Debug|iPhone.Deploy.0 = Debug|Any CPU
		{8FEC3369-BA4F-4196-9B05-54C7933FF8D6}.Debug|iPhoneSimulator.ActiveCfg = Debug|Any CPU
		{8FEC3369-BA4F-4196-9B05-54C7933FF8D6}.Debug|iPhoneSimulator.Build.0 = Debug|Any CPU
		{8FEC3369-BA4F-4196-9B05-54C7933FF8D6}.Debug|iPhoneSimulator.Deploy.0 = Debug|Any CPU
		{8FEC3369-BA4F-4196-9B05-54C7933FF8D6}.Release|Any CPU.ActiveCfg = Release|Any CPU
		{8FEC3369-BA4F-4196-9B05-54C7933FF8D6}.Release|Any CPU.Build.0 = Release|Any CPU
		{8FEC3369-BA4F-4196-9B05-54C7933FF8D6}.Release|Any CPU.Deploy.0 = Release|Any CPU
		{8FEC3369-BA4F-4196-9B05-54C7933FF8D6}.Release|iPhone.ActiveCfg = Release|Any CPU
		{8FEC3369-BA4F-4196-9B05-54C7933FF8D6}.Release|iPhone.Build.0 = Release|Any CPU
		{8FEC3369-BA4F-4196-9B05-54C7933FF8D6}.Release|iPhone.Deploy.0 = Release|Any CPU
		{8FEC3369-BA4F-4196-9B05-54C7933FF8D6}.Release|iPhoneSimulator.ActiveCfg = Release|Any CPU
		{8FEC3369-BA4F-4196-9B05-54C7933FF8D6}.Release|iPhoneSimulator.Build.0 = Release|Any CPU
		{8FEC3369-BA4F-4196-9B05-54C7933FF8D6}.Release|iPhoneSimulator.Deploy.0 = Release|Any CPU
		{636998C7-6DD3-4D07-A81B-9D2F90E605B0}.Ad-Hoc|iPhone.ActiveCfg = Ad-Hoc|iPhone
		{636998C7-6DD3-4D07-A81B-9D2F90E605B0}.Ad-Hoc|iPhone.Build.0 = Ad-Hoc|iPhone
		{636998C7-6DD3-4D07-A81B-9D2F90E605B0}.Ad-Hoc|iPhone.Deploy.0 = Ad-Hoc|iPhone
		{636998C7-6DD3-4D07-A81B-9D2F90E605B0}.AppStore|iPhone.ActiveCfg = AppStore|iPhone
		{636998C7-6DD3-4D07-A81B-9D2F90E605B0}.AppStore|iPhone.Build.0 = AppStore|iPhone
		{636998C7-6DD3-4D07-A81B-9D2F90E605B0}.AppStore|iPhone.Deploy.0 = AppStore|iPhone
		{636998C7-6DD3-4D07-A81B-9D2F90E605B0}.Debug|Any CPU.ActiveCfg = Debug|iPhoneSimulator
		{636998C7-6DD3-4D07-A81B-9D2F90E605B0}.Debug|Any CPU.Build.0 = Debug|iPhoneSimulator
		{636998C7-6DD3-4D07-A81B-9D2F90E605B0}.Debug|Any CPU.Deploy.0 = Debug|iPhoneSimulator
		{636998C7-6DD3-4D07-A81B-9D2F90E605B0}.Debug|iPhone.ActiveCfg = Debug|iPhone
		{636998C7-6DD3-4D07-A81B-9D2F90E605B0}.Debug|iPhone.Build.0 = Debug|iPhone
		{636998C7-6DD3-4D07-A81B-9D2F90E605B0}.Debug|iPhone.Deploy.0 = Debug|iPhone
		{636998C7-6DD3-4D07-A81B-9D2F90E605B0}.Debug|iPhoneSimulator.ActiveCfg = Debug|iPhoneSimulator
		{636998C7-6DD3-4D07-A81B-9D2F90E605B0}.Debug|iPhoneSimulator.Build.0 = Debug|iPhoneSimulator
		{636998C7-6DD3-4D07-A81B-9D2F90E605B0}.Debug|iPhoneSimulator.Deploy.0 = Debug|iPhoneSimulator
		{636998C7-6DD3-4D07-A81B-9D2F90E605B0}.Release|Any CPU.ActiveCfg = Release|iPhoneSimulator
		{636998C7-6DD3-4D07-A81B-9D2F90E605B0}.Release|Any CPU.Build.0 = Release|iPhoneSimulator
		{636998C7-6DD3-4D07-A81B-9D2F90E605B0}.Release|Any CPU.Deploy.0 = Release|iPhoneSimulator
		{636998C7-6DD3-4D07-A81B-9D2F90E605B0}.Release|iPhone.ActiveCfg = Release|iPhone
		{636998C7-6DD3-4D07-A81B-9D2F90E605B0}.Release|iPhone.Build.0 = Release|iPhone
		{636998C7-6DD3-4D07-A81B-9D2F90E605B0}.Release|iPhone.Deploy.0 = Release|iPhone
		{636998C7-6DD3-4D07-A81B-9D2F90E605B0}.Release|iPhoneSimulator.ActiveCfg = Release|iPhoneSimulator
		{636998C7-6DD3-4D07-A81B-9D2F90E605B0}.Release|iPhoneSimulator.Build.0 = Release|iPhoneSimulator
		{636998C7-6DD3-4D07-A81B-9D2F90E605B0}.Release|iPhoneSimulator.Deploy.0 = Release|iPhoneSimulator
		{74D485B7-9C6D-476E-94BF-D75DF4B34A63}.Ad-Hoc|iPhone.ActiveCfg = Debug|Any CPU
		{74D485B7-9C6D-476E-94BF-D75DF4B34A63}.Ad-Hoc|iPhone.Build.0 = Debug|Any CPU
		{74D485B7-9C6D-476E-94BF-D75DF4B34A63}.AppStore|iPhone.ActiveCfg = Debug|Any CPU
		{74D485B7-9C6D-476E-94BF-D75DF4B34A63}.AppStore|iPhone.Build.0 = Debug|Any CPU
		{74D485B7-9C6D-476E-94BF-D75DF4B34A63}.Debug|Any CPU.ActiveCfg = Debug|Any CPU
		{74D485B7-9C6D-476E-94BF-D75DF4B34A63}.Debug|Any CPU.Build.0 = Debug|Any CPU
		{74D485B7-9C6D-476E-94BF-D75DF4B34A63}.Debug|iPhone.ActiveCfg = Debug|Any CPU
		{74D485B7-9C6D-476E-94BF-D75DF4B34A63}.Debug|iPhone.Build.0 = Debug|Any CPU
		{74D485B7-9C6D-476E-94BF-D75DF4B34A63}.Debug|iPhoneSimulator.ActiveCfg = Debug|Any CPU
		{74D485B7-9C6D-476E-94BF-D75DF4B34A63}.Debug|iPhoneSimulator.Build.0 = Debug|Any CPU
		{74D485B7-9C6D-476E-94BF-D75DF4B34A63}.Release|Any CPU.ActiveCfg = Release|Any CPU
		{74D485B7-9C6D-476E-94BF-D75DF4B34A63}.Release|Any CPU.Build.0 = Release|Any CPU
		{74D485B7-9C6D-476E-94BF-D75DF4B34A63}.Release|iPhone.ActiveCfg = Release|Any CPU
		{74D485B7-9C6D-476E-94BF-D75DF4B34A63}.Release|iPhone.Build.0 = Release|Any CPU
		{74D485B7-9C6D-476E-94BF-D75DF4B34A63}.Release|iPhoneSimulator.ActiveCfg = Release|Any CPU
		{74D485B7-9C6D-476E-94BF-D75DF4B34A63}.Release|iPhoneSimulator.Build.0 = Release|Any CPU
	EndGlobalSection
EndGlobal
